// !$*UTF8*$!
{
	archiveVersion = 1;
	classes = {
	};
	objectVersion = 46;
	objects = {

/* Begin PBXBuildFile section */
		E6ADFB111DCED965005154DC /* AppDelegate.swift in Sources */ = {isa = PBXBuildFile; fileRef = E6ADFB101DCED965005154DC /* AppDelegate.swift */; };
		E6ADFB131DCED965005154DC /* ViewController.swift in Sources */ = {isa = PBXBuildFile; fileRef = E6ADFB121DCED965005154DC /* ViewController.swift */; };
		E6ADFB161DCED965005154DC /* Main.storyboard in Resources */ = {isa = PBXBuildFile; fileRef = E6ADFB141DCED965005154DC /* Main.storyboard */; };
		E6ADFB181DCED965005154DC /* Assets.xcassets in Resources */ = {isa = PBXBuildFile; fileRef = E6ADFB171DCED965005154DC /* Assets.xcassets */; };
		E6ADFB1B1DCED965005154DC /* LaunchScreen.storyboard in Resources */ = {isa = PBXBuildFile; fileRef = E6ADFB191DCED965005154DC /* LaunchScreen.storyboard */; };
		E6ADFB231DCEF1C9005154DC /* HTTP.swift in Sources */ = {isa = PBXBuildFile; fileRef = E6ADFB221DCEF1C9005154DC /* HTTP.swift */; };
		E6ADFB271DCF0BF7005154DC /* Alamofire.framework in Embed Frameworks */ = {isa = PBXBuildFile; fileRef = E6ADFB241DCF0A86005154DC /* Alamofire.framework */; settings = {ATTRIBUTES = (CodeSignOnCopy, RemoveHeadersOnCopy, ); }; };
		E6DDE05E1DD04A39009EBCAE /* PostViewController.swift in Sources */ = {isa = PBXBuildFile; fileRef = E6DDE05D1DD04A39009EBCAE /* PostViewController.swift */; };
/* End PBXBuildFile section */

/* Begin PBXCopyFilesBuildPhase section */
		E6ADFB281DCF0BF7005154DC /* Embed Frameworks */ = {
			isa = PBXCopyFilesBuildPhase;
			buildActionMask = 2147483647;
			dstPath = "";
			dstSubfolderSpec = 10;
			files = (
				E6ADFB271DCF0BF7005154DC /* Alamofire.framework in Embed Frameworks */,
			);
			name = "Embed Frameworks";
			runOnlyForDeploymentPostprocessing = 0;
		};
/* End PBXCopyFilesBuildPhase section */

/* Begin PBXFileReference section */
		E6ADFB0D1DCED965005154DC /* CRUD.app */ = {isa = PBXFileReference; explicitFileType = wrapper.application; includeInIndex = 0; path = CRUD.app; sourceTree = BUILT_PRODUCTS_DIR; };
		E6ADFB101DCED965005154DC /* AppDelegate.swift */ = {isa = PBXFileReference; lastKnownFileType = sourcecode.swift; path = AppDelegate.swift; sourceTree = "<group>"; };
		E6ADFB121DCED965005154DC /* ViewController.swift */ = {isa = PBXFileReference; lastKnownFileType = sourcecode.swift; path = ViewController.swift; sourceTree = "<group>"; };
		E6ADFB151DCED965005154DC /* Base */ = {isa = PBXFileReference; lastKnownFileType = file.storyboard; name = Base; path = Base.lproj/Main.storyboard; sourceTree = "<group>"; };
		E6ADFB171DCED965005154DC /* Assets.xcassets */ = {isa = PBXFileReference; lastKnownFileType = folder.assetcatalog; path = Assets.xcassets; sourceTree = "<group>"; };
		E6ADFB1A1DCED965005154DC /* Base */ = {isa = PBXFileReference; lastKnownFileType = file.storyboard; name = Base; path = Base.lproj/LaunchScreen.storyboard; sourceTree = "<group>"; };
		E6ADFB1C1DCED965005154DC /* Info.plist */ = {isa = PBXFileReference; lastKnownFileType = text.plist.xml; path = Info.plist; sourceTree = "<group>"; };
		E6ADFB221DCEF1C9005154DC /* HTTP.swift */ = {isa = PBXFileReference; fileEncoding = 4; lastKnownFileType = sourcecode.swift; path = HTTP.swift; sourceTree = "<group>"; };
		E6ADFB241DCF0A86005154DC /* Alamofire.framework */ = {isa = PBXFileReference; lastKnownFileType = wrapper.framework; path = Alamofire.framework; sourceTree = "<group>"; };
		E6DDE05D1DD04A39009EBCAE /* PostViewController.swift */ = {isa = PBXFileReference; fileEncoding = 4; lastKnownFileType = sourcecode.swift; path = PostViewController.swift; sourceTree = "<group>"; };
/* End PBXFileReference section */

/* Begin PBXFrameworksBuildPhase section */
		E6ADFB0A1DCED965005154DC /* Frameworks */ = {
			isa = PBXFrameworksBuildPhase;
			buildActionMask = 2147483647;
			files = (
			);
			runOnlyForDeploymentPostprocessing = 0;
		};
/* End PBXFrameworksBuildPhase section */

/* Begin PBXGroup section */
		E6ADFB041DCED965005154DC = {
			isa = PBXGroup;
			children = (
				E6ADFB0F1DCED965005154DC /* CRUD */,
				E6ADFB0E1DCED965005154DC /* Products */,
			);
			sourceTree = "<group>";
		};
		E6ADFB0E1DCED965005154DC /* Products */ = {
			isa = PBXGroup;
			children = (
				E6ADFB0D1DCED965005154DC /* CRUD.app */,
			);
			name = Products;
			sourceTree = "<group>";
		};
		E6ADFB0F1DCED965005154DC /* CRUD */ = {
			isa = PBXGroup;
			children = (
				E6ADFB241DCF0A86005154DC /* Alamofire.framework */,
				E6ADFB101DCED965005154DC /* AppDelegate.swift */,
				E6ADFB121DCED965005154DC /* ViewController.swift */,
				E6ADFB221DCEF1C9005154DC /* HTTP.swift */,
				E6ADFB141DCED965005154DC /* Main.storyboard */,
				E6ADFB171DCED965005154DC /* Assets.xcassets */,
				E6ADFB191DCED965005154DC /* LaunchScreen.storyboard */,
				E6ADFB1C1DCED965005154DC /* Info.plist */,
				E6DDE05D1DD04A39009EBCAE /* PostViewController.swift */,
			);
			path = CRUD;
			sourceTree = "<group>";
		};
/* End PBXGroup section */

/* Begin PBXNativeTarget section */
		E6ADFB0C1DCED965005154DC /* CRUD */ = {
			isa = PBXNativeTarget;
			buildConfigurationList = E6ADFB1F1DCED965005154DC /* Build configuration list for PBXNativeTarget "CRUD" */;
			buildPhases = (
				E6ADFB091DCED965005154DC /* Sources */,
				E6ADFB0A1DCED965005154DC /* Frameworks */,
				E6ADFB0B1DCED965005154DC /* Resources */,
				E6ADFB281DCF0BF7005154DC /* Embed Frameworks */,
			);
			buildRules = (
			);
			dependencies = (
			);
			name = CRUD;
			productName = CRUD;
			productReference = E6ADFB0D1DCED965005154DC /* CRUD.app */;
			productType = "com.apple.product-type.application";
		};
/* End PBXNativeTarget section */

/* Begin PBXProject section */
		E6ADFB051DCED965005154DC /* Project object */ = {
			isa = PBXProject;
			attributes = {
				LastSwiftUpdateCheck = 0800;
				LastUpgradeCheck = 0800;
				ORGANIZATIONNAME = "J.W. Clark";
				TargetAttributes = {
					E6ADFB0C1DCED965005154DC = {
						CreatedOnToolsVersion = 8.0;
						ProvisioningStyle = Automatic;
					};
				};
			};
			buildConfigurationList = E6ADFB081DCED965005154DC /* Build configuration list for PBXProject "CRUD" */;
			compatibilityVersion = "Xcode 3.2";
			developmentRegion = English;
			hasScannedForEncodings = 0;
			knownRegions = (
				en,
				Base,
			);
			mainGroup = E6ADFB041DCED965005154DC;
			productRefGroup = E6ADFB0E1DCED965005154DC /* Products */;
			projectDirPath = "";
			projectRoot = "";
			targets = (
				E6ADFB0C1DCED965005154DC /* CRUD */,
			);
		};
/* End PBXProject section */

/* Begin PBXResourcesBuildPhase section */
		E6ADFB0B1DCED965005154DC /* Resources */ = {
			isa = PBXResourcesBuildPhase;
			buildActionMask = 2147483647;
			files = (
				E6ADFB1B1DCED965005154DC /* LaunchScreen.storyboard in Resources */,
				E6ADFB181DCED965005154DC /* Assets.xcassets in Resources */,
				E6ADFB161DCED965005154DC /* Main.storyboard in Resources */,
			);
			runOnlyForDeploymentPostprocessing = 0;
		};
/* End PBXResourcesBuildPhase section */

/* Begin PBXSourcesBuildPhase section */
		E6ADFB091DCED965005154DC /* Sources */ = {
			isa = PBXSourcesBuildPhase;
			buildActionMask = 2147483647;
			files = (
				E6DDE05E1DD04A39009EBCAE /* PostViewController.swift in Sources */,
				E6ADFB131DCED965005154DC /* ViewController.swift in Sources */,
				E6ADFB231DCEF1C9005154DC /* HTTP.swift in Sources */,
				E6ADFB111DCED965005154DC /* AppDelegate.swift in Sources */,
			);
			runOnlyForDeploymentPostprocessing = 0;
		};
/* End PBXSourcesBuildPhase section */

/* Begin PBXVariantGroup section */
		E6ADFB141DCED965005154DC /* Main.storyboard */ = {
			isa = PBXVariantGroup;
			children = (
				E6ADFB151DCED965005154DC /* Base */,
			);
			name = Main.storyboard;
			sourceTree = "<group>";
		};
		E6ADFB191DCED965005154DC /* LaunchScreen.storyboard */ = {
			isa = PBXVariantGroup;
			children = (
				E6ADFB1A1DCED965005154DC /* Base */,
			);
			name = LaunchScreen.storyboard;
			sourceTree = "<group>";
		};
/* End PBXVariantGroup section */

/* Begin XCBuildConfiguration section */
		E6ADFB1D1DCED965005154DC /* Debug */ = {
			isa = XCBuildConfiguration;
			buildSettings = {
				ALWAYS_SEARCH_USER_PATHS = NO;
				CLANG_ANALYZER_NONNULL = YES;
				CLANG_CXX_LANGUAGE_STANDARD = "gnu++0x";
				CLANG_CXX_LIBRARY = "libc++";
				CLANG_ENABLE_MODULES = YES;
				CLANG_ENABLE_OBJC_ARC = YES;
				CLANG_WARN_BOOL_CONVERSION = YES;
				CLANG_WARN_CONSTANT_CONVERSION = YES;
				CLANG_WARN_DIRECT_OBJC_ISA_USAGE = YES_ERROR;
				CLANG_WARN_DOCUMENTATION_COMMENTS = YES;
				CLANG_WARN_EMPTY_BODY = YES;
				CLANG_WARN_ENUM_CONVERSION = YES;
				CLANG_WARN_INFINITE_RECURSION = YES;
				CLANG_WARN_INT_CONVERSION = YES;
				CLANG_WARN_OBJC_ROOT_CLASS = YES_ERROR;
				CLANG_WARN_SUSPICIOUS_MOVES = YES;
				CLANG_WARN_UNREACHABLE_CODE = YES;
				CLANG_WARN__DUPLICATE_METHOD_MATCH = YES;
				"CODE_SIGN_IDENTITY[sdk=iphoneos*]" = "iPhone Developer";
				COPY_PHASE_STRIP = NO;
				DEBUG_INFORMATION_FORMAT = dwarf;
				ENABLE_STRICT_OBJC_MSGSEND = YES;
				ENABLE_TESTABILITY = YES;
				GCC_C_LANGUAGE_STANDARD = gnu99;
				GCC_DYNAMIC_NO_PIC = NO;
				GCC_NO_COMMON_BLOCKS = YES;
				GCC_OPTIMIZATION_LEVEL = 0;
				GCC_PREPROCESSOR_DEFINITIONS = (
					"DEBUG=1",
					"$(inherited)",
				);
				GCC_WARN_64_TO_32_BIT_CONVERSION = YES;
				GCC_WARN_ABOUT_RETURN_TYPE = YES_ERROR;
				GCC_WARN_UNDECLARED_SELECTOR = YES;
				GCC_WARN_UNINITIALIZED_AUTOS = YES_AGGRESSIVE;
				GCC_WARN_UNUSED_FUNCTION = YES;
				GCC_WARN_UNUSED_VARIABLE = YES;
				IPHONEOS_DEPLOYMENT_TARGET = 10.0;
				MTL_ENABLE_DEBUG_INFO = YES;
				ONLY_ACTIVE_ARCH = YES;
				SDKROOT = iphoneos;
				SWIFT_ACTIVE_COMPILATION_CONDITIONS = DEBUG;
				SWIFT_OPTIMIZATION_LEVEL = "-Onone";
				TARGETED_DEVICE_FAMILY = "1,2";
			};
			name = Debug;
		};
		E6ADFB1E1DCED965005154DC /* Release */ = {
			isa = XCBuildConfiguration;
			buildSettings = {
				ALWAYS_SEARCH_USER_PATHS = NO;
				CLANG_ANALYZER_NONNULL = YES;
				CLANG_CXX_LANGUAGE_STANDARD = "gnu++0x";
				CLANG_CXX_LIBRARY = "libc++";
				CLANG_ENABLE_MODULES = YES;
				CLANG_ENABLE_OBJC_ARC = YES;
				CLANG_WARN_BOOL_CONVERSION = YES;
				CLANG_WARN_CONSTANT_CONVERSION = YES;
				CLANG_WARN_DIRECT_OBJC_ISA_USAGE = YES_ERROR;
				CLANG_WARN_DOCUMENTATION_COMMENTS = YES;
				CLANG_WARN_EMPTY_BODY = YES;
				CLANG_WARN_ENUM_CONVERSION = YES;
				CLANG_WARN_INFINITE_RECURSION = YES;
				CLANG_WARN_INT_CONVERSION = YES;
				CLANG_WARN_OBJC_ROOT_CLASS = YES_ERROR;
				CLANG_WARN_SUSPICIOUS_MOVES = YES;
				CLANG_WARN_UNREACHABLE_CODE = YES;
				CLANG_WARN__DUPLICATE_METHOD_MATCH = YES;
				"CODE_SIGN_IDENTITY[sdk=iphoneos*]" = "iPhone Developer";
				COPY_PHASE_STRIP = NO;
				DEBUG_INFORMATION_FORMAT = "dwarf-with-dsym";
				ENABLE_NS_ASSERTIONS = NO;
				ENABLE_STRICT_OBJC_MSGSEND = YES;
				GCC_C_LANGUAGE_STANDARD = gnu99;
				GCC_NO_COMMON_BLOCKS = YES;
				GCC_WARN_64_TO_32_BIT_CONVERSION = YES;
				GCC_WARN_ABOUT_RETURN_TYPE = YES_ERROR;
				GCC_WARN_UNDECLARED_SELECTOR = YES;
				GCC_WARN_UNINITIALIZED_AUTOS = YES_AGGRESSIVE;
				GCC_WARN_UNUSED_FUNCTION = YES;
				GCC_WARN_UNUSED_VARIABLE = YES;
				IPHONEOS_DEPLOYMENT_TARGET = 10.0;
				MTL_ENABLE_DEBUG_INFO = NO;
				SDKROOT = iphoneos;
				SWIFT_OPTIMIZATION_LEVEL = "-Owholemodule";
				TARGETED_DEVICE_FAMILY = "1,2";
				VALIDATE_PRODUCT = YES;
			};
			name = Release;
		};
		E6ADFB201DCED965005154DC /* Debug */ = {
			isa = XCBuildConfiguration;
			buildSettings = {
				ASSETCATALOG_COMPILER_APPICON_NAME = AppIcon;
				FRAMEWORK_SEARCH_PATHS = (
					"$(inherited)",
					"$(PROJECT_DIR)/CRUD",
				);
				INFOPLIST_FILE = CRUD/Info.plist;
				LD_RUNPATH_SEARCH_PATHS = "$(inherited) @executable_path/Frameworks";
				PRODUCT_BUNDLE_IDENTIFIER = edu.rockhursths.amdg.CRUD;
				PRODUCT_NAME = "$(TARGET_NAME)";
				SWIFT_VERSION = 3.0;
			};
			name = Debug;
		};
		E6ADFB211DCED965005154DC /* Release */ = {
			isa = XCBuildConfiguration;
			buildSettings = {
				ASSETCATALOG_COMPILER_APPICON_NAME = AppIcon;
				FRAMEWORK_SEARCH_PATHS = (
					"$(inherited)",
					"$(PROJECT_DIR)/CRUD",
				);
				INFOPLIST_FILE = CRUD/Info.plist;
				LD_RUNPATH_SEARCH_PATHS = "$(inherited) @executable_path/Frameworks";
				PRODUCT_BUNDLE_IDENTIFIER = edu.rockhursths.amdg.CRUD;
				PRODUCT_NAME = "$(TARGET_NAME)";
				SWIFT_VERSION = 3.0;
			};
			name = Release;
		};
/* End XCBuildConfiguration section */

/* Begin XCConfigurationList section */
		E6ADFB081DCED965005154DC /* Build configuration list for PBXProject "CRUD" */ = {
			isa = XCConfigurationList;
			buildConfigurations = (
				E6ADFB1D1DCED965005154DC /* Debug */,
				E6ADFB1E1DCED965005154DC /* Release */,
			);
			defaultConfigurationIsVisible = 0;
			defaultConfigurationName = Release;
		};
		E6ADFB1F1DCED965005154DC /* Build configuration list for PBXNativeTarget "CRUD" */ = {
			isa = XCConfigurationList;
			buildConfigurations = (
				E6ADFB201DCED965005154DC /* Debug */,
				E6ADFB211DCED965005154DC /* Release */,
			);
			defaultConfigurationIsVisible = 0;
			defaultConfigurationName = Release;
		};
/* End XCConfigurationList section */
	};
	rootObject = E6ADFB051DCED965005154DC /* Project object */;
}
